
Microsoft Visual Studio Solution File, Format Version 12.00
# Visual Studio Version 17
VisualStudioVersion = 17.1.32414.318
MinimumVisualStudioVersion = 10.0.40219.1
Project("{FAE04EC0-301F-11D3-BF4B-00C04F79EFBC}") = "Matriz", "Matriz.csproj", "{B04E318C-78FD-4C58-917E-D9D2EDC4B3D9}"
EndProject
Global
	GlobalSection(SolutionConfigurationPlatforms) = preSolution
		Debug|Any CPU = Debug|Any CPU
		Release|Any CPU = Release|Any CPU
	EndGlobalSection
	GlobalSection(ProjectConfigurationPlatforms) = postSolution
		{B04E318C-78FD-4C58-917E-D9D2EDC4B3D9}.Debug|Any CPU.ActiveCfg = Debug|Any CPU
		{B04E318C-78FD-4C58-917E-D9D2EDC4B3D9}.Debug|Any CPU.Build.0 = Debug|Any CPU
		{B04E318C-78FD-4C58-917E-D9D2EDC4B3D9}.Release|Any CPU.ActiveCfg = Release|Any CPU
		{B04E318C-78FD-4C58-917E-D9D2EDC4B3D9}.Release|Any CPU.Build.0 = Release|Any CPU
	EndGlobalSection
	GlobalSection(SolutionProperties) = preSolution
		HideSolutionNode = FALSE
	EndGlobalSection
	GlobalSection(ExtensibilityGlobals) = postSolution
		SolutionGuid = {E02263D9-BF62-4401-8454-183A53ECA91E}
	EndGlobalSection
EndGlobal
